
Microsoft Visual Studio Solution File, Format Version 12.00
# Visual Studio Version 17
VisualStudioVersion = 17.10.35013.160
MinimumVisualStudioVersion = 10.0.40219.1
Project("{FAE04EC0-301F-11D3-BF4B-00C04F79EFBC}") = "GestionMatriculados.Api", "GestionMatriculados.Api\GestionMatriculados.Api.csproj", "{DA6F2EAA-D53D-447E-AC06-0142AACEAB2C}"
EndProject
Project("{FAE04EC0-301F-11D3-BF4B-00C04F79EFBC}") = "GestionMatriculas.Persistence", "GestionMatriculas.Persistence\GestionMatriculas.Persistence.csproj", "{6A6B0E88-3DD8-43E7-82A8-A45E82D2E8ED}"
EndProject
Project("{FAE04EC0-301F-11D3-BF4B-00C04F79EFBC}") = "GestionMatriculas.Models", "GestionMatriculas.Models\GestionMatriculas.Models.csproj", "{C3579F94-CCD1-49F2-B68E-842FE6BFC79B}"
EndProject
Project("{FAE04EC0-301F-11D3-BF4B-00C04F79EFBC}") = "GestionMatriculas.Dto", "GestionMatriculas.Dto\GestionMatriculas.Dto.csproj", "{00F0D135-F1C0-48EC-835D-D39F551887E3}"
EndProject
Project("{FAE04EC0-301F-11D3-BF4B-00C04F79EFBC}") = "GestionMatriculas.Services", "GestionMatriculas.Services\GestionMatriculas.Services.csproj", "{B778111E-A1E3-49F6-862B-AFE6EB00B5FA}"
EndProject
Project("{FAE04EC0-301F-11D3-BF4B-00C04F79EFBC}") = "GestionMatriculas.Repository", "GestionMatriculas.Repository\GestionMatriculas.Repository.csproj", "{0C6C6D9C-B426-4A64-9740-07C919B7AA7A}"
EndProject
Global
	GlobalSection(SolutionConfigurationPlatforms) = preSolution
		Debug|Any CPU = Debug|Any CPU
		Release|Any CPU = Release|Any CPU
	EndGlobalSection
	GlobalSection(ProjectConfigurationPlatforms) = postSolution
		{DA6F2EAA-D53D-447E-AC06-0142AACEAB2C}.Debug|Any CPU.ActiveCfg = Debug|Any CPU
		{DA6F2EAA-D53D-447E-AC06-0142AACEAB2C}.Debug|Any CPU.Build.0 = Debug|Any CPU
		{DA6F2EAA-D53D-447E-AC06-0142AACEAB2C}.Release|Any CPU.ActiveCfg = Release|Any CPU
		{DA6F2EAA-D53D-447E-AC06-0142AACEAB2C}.Release|Any CPU.Build.0 = Release|Any CPU
		{6A6B0E88-3DD8-43E7-82A8-A45E82D2E8ED}.Debug|Any CPU.ActiveCfg = Debug|Any CPU
		{6A6B0E88-3DD8-43E7-82A8-A45E82D2E8ED}.Debug|Any CPU.Build.0 = Debug|Any CPU
		{6A6B0E88-3DD8-43E7-82A8-A45E82D2E8ED}.Release|Any CPU.ActiveCfg = Release|Any CPU
		{6A6B0E88-3DD8-43E7-82A8-A45E82D2E8ED}.Release|Any CPU.Build.0 = Release|Any CPU
		{C3579F94-CCD1-49F2-B68E-842FE6BFC79B}.Debug|Any CPU.ActiveCfg = Debug|Any CPU
		{C3579F94-CCD1-49F2-B68E-842FE6BFC79B}.Debug|Any CPU.Build.0 = Debug|Any CPU
		{C3579F94-CCD1-49F2-B68E-842FE6BFC79B}.Release|Any CPU.ActiveCfg = Release|Any CPU
		{C3579F94-CCD1-49F2-B68E-842FE6BFC79B}.Release|Any CPU.Build.0 = Release|Any CPU
		{00F0D135-F1C0-48EC-835D-D39F551887E3}.Debug|Any CPU.ActiveCfg = Debug|Any CPU
		{00F0D135-F1C0-48EC-835D-D39F551887E3}.Debug|Any CPU.Build.0 = Debug|Any CPU
		{00F0D135-F1C0-48EC-835D-D39F551887E3}.Release|Any CPU.ActiveCfg = Release|Any CPU
		{00F0D135-F1C0-48EC-835D-D39F551887E3}.Release|Any CPU.Build.0 = Release|Any CPU
		{B778111E-A1E3-49F6-862B-AFE6EB00B5FA}.Debug|Any CPU.ActiveCfg = Debug|Any CPU
		{B778111E-A1E3-49F6-862B-AFE6EB00B5FA}.Debug|Any CPU.Build.0 = Debug|Any CPU
		{B778111E-A1E3-49F6-862B-AFE6EB00B5FA}.Release|Any CPU.ActiveCfg = Release|Any CPU
		{B778111E-A1E3-49F6-862B-AFE6EB00B5FA}.Release|Any CPU.Build.0 = Release|Any CPU
		{0C6C6D9C-B426-4A64-9740-07C919B7AA7A}.Debug|Any CPU.ActiveCfg = Debug|Any CPU
		{0C6C6D9C-B426-4A64-9740-07C919B7AA7A}.Debug|Any CPU.Build.0 = Debug|Any CPU
		{0C6C6D9C-B426-4A64-9740-07C919B7AA7A}.Release|Any CPU.ActiveCfg = Release|Any CPU
		{0C6C6D9C-B426-4A64-9740-07C919B7AA7A}.Release|Any CPU.Build.0 = Release|Any CPU
	EndGlobalSection
	GlobalSection(SolutionProperties) = preSolution
		HideSolutionNode = FALSE
	EndGlobalSection
	GlobalSection(ExtensibilityGlobals) = postSolution
		SolutionGuid = {1A92AC7E-098A-484C-AE92-80FB118F523F}
	EndGlobalSection
EndGlobal
